
Microsoft Visual Studio Solution File, Format Version 12.00
# Visual Studio 15
VisualStudioVersion = 15.0.27130.2036
MinimumVisualStudioVersion = 10.0.40219.1
Project("{FAE04EC0-301F-11D3-BF4B-00C04F79EFBC}") = "QuickMine", "QuickMine\QuickMine.csproj", "{15558B0A-ABCB-40C1-A5CE-3173644784C7}"
EndProject
Project("{54435603-DBB4-11D2-8724-00A0C9A8B90C}") = "Setup", "Setup\Setup.vdproj", "{62E93577-6EB1-4497-8E34-0A473E366653}"
EndProject
Global
	GlobalSection(SolutionConfigurationPlatforms) = preSolution
		Debug|Any CPU = Debug|Any CPU
		Release|Any CPU = Release|Any CPU
	EndGlobalSection
	GlobalSection(ProjectConfigurationPlatforms) = postSolution
		{15558B0A-ABCB-40C1-A5CE-3173644784C7}.Debug|Any CPU.ActiveCfg = Debug|Any CPU
		{15558B0A-ABCB-40C1-A5CE-3173644784C7}.Debug|Any CPU.Build.0 = Debug|Any CPU
		{15558B0A-ABCB-40C1-A5CE-3173644784C7}.Release|Any CPU.ActiveCfg = Release|Any CPU
		{15558B0A-ABCB-40C1-A5CE-3173644784C7}.Release|Any CPU.Build.0 = Release|Any CPU
		{62E93577-6EB1-4497-8E34-0A473E366653}.Debug|Any CPU.ActiveCfg = Debug
		{62E93577-6EB1-4497-8E34-0A473E366653}.Debug|Any CPU.Build.0 = Debug
		{62E93577-6EB1-4497-8E34-0A473E366653}.Release|Any CPU.ActiveCfg = Release
	EndGlobalSection
	GlobalSection(SolutionProperties) = preSolution
		HideSolutionNode = FALSE
	EndGlobalSection
	GlobalSection(ExtensibilityGlobals) = postSolution
		SolutionGuid = {CAA5B2AA-0BA8-41E1-A134-1EB8EC515013}
	EndGlobalSection
EndGlobal
